
Microsoft Visual Studio Solution File, Format Version 12.00
# Visual Studio Version 17
VisualStudioVersion = 17.11.35222.181
MinimumVisualStudioVersion = 10.0.40219.1
Project("{FAE04EC0-301F-11D3-BF4B-00C04F79EFBC}") = "IdentityDemo", "IdentityDemo.csproj", "{D3D7C66E-D38B-4AAE-BC2D-FF4F0793E844}"
EndProject
Global
	GlobalSection(SolutionConfigurationPlatforms) = preSolution
		Debug|Any CPU = Debug|Any CPU
		Release|Any CPU = Release|Any CPU
	EndGlobalSection
	GlobalSection(ProjectConfigurationPlatforms) = postSolution
		{D3D7C66E-D38B-4AAE-BC2D-FF4F0793E844}.Debug|Any CPU.ActiveCfg = Debug|Any CPU
		{D3D7C66E-D38B-4AAE-BC2D-FF4F0793E844}.Debug|Any CPU.Build.0 = Debug|Any CPU
		{D3D7C66E-D38B-4AAE-BC2D-FF4F0793E844}.Release|Any CPU.ActiveCfg = Release|Any CPU
		{D3D7C66E-D38B-4AAE-BC2D-FF4F0793E844}.Release|Any CPU.Build.0 = Release|Any CPU
	EndGlobalSection
	GlobalSection(SolutionProperties) = preSolution
		HideSolutionNode = FALSE
	EndGlobalSection
	GlobalSection(ExtensibilityGlobals) = postSolution
		SolutionGuid = {19C7A676-14DC-4767-ACC3-8AA70C03FF10}
	EndGlobalSection
EndGlobal
